
Microsoft Visual Studio Solution File, Format Version 12.00
# Visual Studio Version 16
VisualStudioVersion = 16.0.31105.61
MinimumVisualStudioVersion = 10.0.40219.1
Project("{FAE04EC0-301F-11D3-BF4B-00C04F79EFBC}") = "booklistRL", "booklistRL\booklistRL.csproj", "{3B277F58-55A2-4117-AD06-243362B8C66C}"
EndProject
Global
	GlobalSection(SolutionConfigurationPlatforms) = preSolution
		Debug|Any CPU = Debug|Any CPU
		Release|Any CPU = Release|Any CPU
	EndGlobalSection
	GlobalSection(ProjectConfigurationPlatforms) = postSolution
		{3B277F58-55A2-4117-AD06-243362B8C66C}.Debug|Any CPU.ActiveCfg = Debug|Any CPU
		{3B277F58-55A2-4117-AD06-243362B8C66C}.Debug|Any CPU.Build.0 = Debug|Any CPU
		{3B277F58-55A2-4117-AD06-243362B8C66C}.Release|Any CPU.ActiveCfg = Release|Any CPU
		{3B277F58-55A2-4117-AD06-243362B8C66C}.Release|Any CPU.Build.0 = Release|Any CPU
	EndGlobalSection
	GlobalSection(SolutionProperties) = preSolution
		HideSolutionNode = FALSE
	EndGlobalSection
	GlobalSection(ExtensibilityGlobals) = postSolution
		SolutionGuid = {ECCBA2F9-07BC-43C4-BDD5-7C7601542D60}
	EndGlobalSection
EndGlobal
